{
  "nodes": {
    "btc-clients-nix": {
      "inputs": {
        "nixpkgs": [
          "nixpkgs"
        ],
        "oldNixpkgs": "oldNixpkgs"
      },
      "locked": {
        "lastModified": 1776253358,
        "narHash": "sha256-PApGu30OTySvNZ8H9sgiRfe6VjTuL7PyhzC/o9ghLRA=",
        "owner": "emmanuelrosa",
        "repo": "btc-clients-nix",
        "rev": "89c65cd67be5bff678deffe36ca2ae7b1175c4e0",
        "type": "github"
      },
      "original": {
        "owner": "emmanuelrosa",
        "repo": "btc-clients-nix",
        "type": "github"
      }
    },
    "home-manager": {
      "inputs": {
        "nixpkgs": [
          "nixpkgs"
        ]
      },
      "locked": {
        "lastModified": 1747688870,
        "narHash": "sha256-ypL9WAZfmJr5V70jEVzqGjjQzF0uCkz+AFQF7n9NmNc=",
        "owner": "nix-community",
        "repo": "home-manager",
        "rev": "d5f1f641b289553927b3801580598d200a501863",
        "type": "github"
      },
      "original": {
        "owner": "nix-community",
        "ref": "release-24.11",
        "repo": "home-manager",
        "type": "github"
      }
    },
    "microvm": {
      "inputs": {
        "nixpkgs": [
          "nixpkgs"
        ],
        "spectrum": "spectrum"
      },
      "locked": {
        "lastModified": 1775921891,
        "narHash": "sha256-hlGchps9CyUtbxb1BbEdZEKVsH7BTcyw4S99osNIN/k=",
        "owner": "whimbree",
        "repo": "microvm.nix",
        "rev": "c8bb3a7635b15cee42d2ffd977335ddee2ab76bd",
        "type": "github"
      },
      "original": {
        "owner": "whimbree",
        "repo": "microvm.nix",
        "type": "github"
      }
    },
    "nixpkgs": {
      "locked": {
        "lastModified": 1776877367,
        "narHash": "sha256-EHq1/OX139R1RvBzOJ0aMRT3xnWyqtHBRUBuO1gFzjI=",
        "owner": "NixOS",
        "repo": "nixpkgs",
        "rev": "0726a0ecb6d4e08f6adced58726b95db924cef57",
        "type": "github"
      },
      "original": {
        "owner": "NixOS",
        "ref": "nixos-unstable",
        "repo": "nixpkgs",
        "type": "github"
      }
    },
    "oldNixpkgs": {
      "locked": {
        "lastModified": 1727619874,
        "narHash": "sha256-a4Jcd+vjQAzF675/7B1LN3U2ay22jfDAVA8pOml5J/0=",
        "owner": "nixos",
        "repo": "nixpkgs",
        "rev": "6710d0dd013f55809648dfb1265b8f85447d30a6",
        "type": "github"
      },
      "original": {
        "owner": "nixos",
        "ref": "6710d0dd013f55809648dfb1265b8f85447d30a6",
        "repo": "nixpkgs",
        "type": "github"
      }
    },
    "root": {
      "inputs": {
        "btc-clients-nix": "btc-clients-nix",
        "home-manager": "home-manager",
        "microvm": "microvm",
        "nixpkgs": "nixpkgs"
      }
    },
    "spectrum": {
      "flake": false,
      "locked": {
        "lastModified": 1772189877,
        "narHash": "sha256-i1p90Rgssb//aNiTDFq46ZG/fk3LmyRLChtp/9lddyA=",
        "ref": "refs/heads/main",
        "rev": "fe39e122d898f66e89ffa17d4f4209989ccb5358",
        "revCount": 1255,
        "type": "git",
        "url": "https://spectrum-os.org/git/spectrum"
      },
      "original": {
        "type": "git",
        "url": "https://spectrum-os.org/git/spectrum"
      }
    }
  },
  "root": "root",
  "version": 7
}
